
Microsoft Visual Studio Solution File, Format Version 12.00
# Visual Studio Version 17
VisualStudioVersion = 17.7.34018.315
MinimumVisualStudioVersion = 10.0.40219.1
Project("{FAE04EC0-301F-11D3-BF4B-00C04F79EFBC}") = "Novels", "Novels\Novels.csproj", "{09294135-7016-44B1-AC3C-66A7FCAD340D}"
EndProject
Global
	GlobalSection(SolutionConfigurationPlatforms) = preSolution
		Debug|Any CPU = Debug|Any CPU
		Release|Any CPU = Release|Any CPU
	EndGlobalSection
	GlobalSection(ProjectConfigurationPlatforms) = postSolution
		{09294135-7016-44B1-AC3C-66A7FCAD340D}.Debug|Any CPU.ActiveCfg = Debug|Any CPU
		{09294135-7016-44B1-AC3C-66A7FCAD340D}.Debug|Any CPU.Build.0 = Debug|Any CPU
		{09294135-7016-44B1-AC3C-66A7FCAD340D}.Release|Any CPU.ActiveCfg = Release|Any CPU
		{09294135-7016-44B1-AC3C-66A7FCAD340D}.Release|Any CPU.Build.0 = Release|Any CPU
	EndGlobalSection
	GlobalSection(SolutionProperties) = preSolution
		HideSolutionNode = FALSE
	EndGlobalSection
	GlobalSection(ExtensibilityGlobals) = postSolution
		SolutionGuid = {9566649B-2CDF-4B7C-B89A-7F33C30A4D9D}
	EndGlobalSection
EndGlobal
